// !$*UTF8*$!
{
	archiveVersion = 1;
	classes = {
	};
	objectVersion = 50;
	objects = {

/* Begin PBXBuildFile section */
		E318E11221EC60BF0007EA07 /* UltimateLog.framework in Frameworks */ = {isa = PBXBuildFile; fileRef = E318E10821EC60BF0007EA07 /* UltimateLog.framework */; };
		E318E11721EC60BF0007EA07 /* UltimateLogTests.swift in Sources */ = {isa = PBXBuildFile; fileRef = E318E11621EC60BF0007EA07 /* UltimateLogTests.swift */; };
		E318E11921EC60BF0007EA07 /* UltimateLog.h in Headers */ = {isa = PBXBuildFile; fileRef = E318E10B21EC60BF0007EA07 /* UltimateLog.h */; settings = {ATTRIBUTES = (Public, ); }; };
		E318E12321EC60FB0007EA07 /* UltimateLog.swift in Sources */ = {isa = PBXBuildFile; fileRef = E318E12221EC60FB0007EA07 /* UltimateLog.swift */; };
		E318E16321EC7B1A0007EA07 /* Security.framework in Frameworks */ = {isa = PBXBuildFile; fileRef = E318E16221EC7B190007EA07 /* Security.framework */; };
		E318E21321EC89770007EA07 /* AES256CBC.swift in Sources */ = {isa = PBXBuildFile; fileRef = E318E21221EC89770007EA07 /* AES256CBC.swift */; };
		E318E2B221EC8DE50007EA07 /* SHA256.swift in Sources */ = {isa = PBXBuildFile; fileRef = E318E2B121EC8DE50007EA07 /* SHA256.swift */; };
		E318E2BD21EC9F3D0007EA07 /* UltimateLogOnMars.h in Headers */ = {isa = PBXBuildFile; fileRef = E318E2BB21EC9F3D0007EA07 /* UltimateLogOnMars.h */; };
		E318E2BE21EC9F3D0007EA07 /* UltimateLogOnMars.mm in Sources */ = {isa = PBXBuildFile; fileRef = E318E2BC21EC9F3D0007EA07 /* UltimateLogOnMars.mm */; };
		E318E2F521ECA3290007EA07 /* log_crypt.cc in Sources */ = {isa = PBXBuildFile; fileRef = E318E2EF21ECA3290007EA07 /* log_crypt.cc */; };
		E318E2F621ECA3290007EA07 /* LogUtil.m in Sources */ = {isa = PBXBuildFile; fileRef = E318E2F021ECA3290007EA07 /* LogUtil.m */; };
		E318E2F721ECA3290007EA07 /* log_crypt.h in Headers */ = {isa = PBXBuildFile; fileRef = E318E2F121ECA3290007EA07 /* log_crypt.h */; };
		E318E2F821ECA3290007EA07 /* LogHelper.mm in Sources */ = {isa = PBXBuildFile; fileRef = E318E2F221ECA3290007EA07 /* LogHelper.mm */; };
		E318E2F921ECA3290007EA07 /* LogUtil.h in Headers */ = {isa = PBXBuildFile; fileRef = E318E2F321ECA3290007EA07 /* LogUtil.h */; };
		E318E2FA21ECA3290007EA07 /* LogHelper.h in Headers */ = {isa = PBXBuildFile; fileRef = E318E2F421ECA3290007EA07 /* LogHelper.h */; };
		E318E34721ECB0C90007EA07 /* mars.framework in Frameworks */ = {isa = PBXBuildFile; fileRef = E318E34621ECB0C90007EA07 /* mars.framework */; };
		E318E34921ECB2340007EA07 /* CoreTelephony.framework in Frameworks */ = {isa = PBXBuildFile; fileRef = E318E34821ECB2340007EA07 /* CoreTelephony.framework */; };
		E318E34B21ECB2840007EA07 /* Foundation.framework in Frameworks */ = {isa = PBXBuildFile; fileRef = E318E34A21ECB2840007EA07 /* Foundation.framework */; };
		E318E34D21ECB2890007EA07 /* SystemConfiguration.framework in Frameworks */ = {isa = PBXBuildFile; fileRef = E318E34C21ECB2890007EA07 /* SystemConfiguration.framework */; };
		E318E34F21ECB2920007EA07 /* libz.tbd in Frameworks */ = {isa = PBXBuildFile; fileRef = E318E34E21ECB2920007EA07 /* libz.tbd */; };
		E318E35121ECB29B0007EA07 /* libresolv.9.tbd in Frameworks */ = {isa = PBXBuildFile; fileRef = E318E35021ECB29B0007EA07 /* libresolv.9.tbd */; };
		E318E35421ECB53F0007EA07 /* MarsWapper.h in Headers */ = {isa = PBXBuildFile; fileRef = E318E35221ECB53F0007EA07 /* MarsWapper.h */; settings = {ATTRIBUTES = (Public, ); }; };
		E318E35521ECB53F0007EA07 /* MarsWapper.m in Sources */ = {isa = PBXBuildFile; fileRef = E318E35321ECB53F0007EA07 /* MarsWapper.m */; };
		E318E35721ECCB6E0007EA07 /* AES.swift in Sources */ = {isa = PBXBuildFile; fileRef = E318E35621ECCB6E0007EA07 /* AES.swift */; };
		E318E36021ED8BF10007EA07 /* Archive.swift in Sources */ = {isa = PBXBuildFile; fileRef = E318E35921ED8BF10007EA07 /* Archive.swift */; };
		E318E36121ED8BF10007EA07 /* Archive+Reading.swift in Sources */ = {isa = PBXBuildFile; fileRef = E318E35A21ED8BF10007EA07 /* Archive+Reading.swift */; };
		E318E36221ED8BF10007EA07 /* Entry.swift in Sources */ = {isa = PBXBuildFile; fileRef = E318E35B21ED8BF10007EA07 /* Entry.swift */; };
		E318E36321ED8BF10007EA07 /* Data+Compression.swift in Sources */ = {isa = PBXBuildFile; fileRef = E318E35C21ED8BF10007EA07 /* Data+Compression.swift */; };
		E318E36421ED8BF10007EA07 /* Archive+Writing.swift in Sources */ = {isa = PBXBuildFile; fileRef = E318E35D21ED8BF10007EA07 /* Archive+Writing.swift */; };
		E318E36521ED8BF10007EA07 /* Data+Serialization.swift in Sources */ = {isa = PBXBuildFile; fileRef = E318E35E21ED8BF10007EA07 /* Data+Serialization.swift */; };
		E318E36621ED8BF10007EA07 /* FileManager+ZIP.swift in Sources */ = {isa = PBXBuildFile; fileRef = E318E35F21ED8BF10007EA07 /* FileManager+ZIP.swift */; };
		E318E36921ED92D90007EA07 /* StringExtension.swift in Sources */ = {isa = PBXBuildFile; fileRef = E318E36821ED92D90007EA07 /* StringExtension.swift */; };
		E318E36B21EDAA190007EA07 /* LoggerUtility.swift in Sources */ = {isa = PBXBuildFile; fileRef = E318E36A21EDAA190007EA07 /* LoggerUtility.swift */; };
/* End PBXBuildFile section */

/* Begin PBXContainerItemProxy section */
		E318E11321EC60BF0007EA07 /* PBXContainerItemProxy */ = {
			isa = PBXContainerItemProxy;
			containerPortal = E318E0FF21EC60BE0007EA07 /* Project object */;
			proxyType = 1;
			remoteGlobalIDString = E318E10721EC60BF0007EA07;
			remoteInfo = UltimateLog;
		};
/* End PBXContainerItemProxy section */

/* Begin PBXFileReference section */
		E318E10821EC60BF0007EA07 /* UltimateLog.framework */ = {isa = PBXFileReference; explicitFileType = wrapper.framework; includeInIndex = 0; path = UltimateLog.framework; sourceTree = BUILT_PRODUCTS_DIR; };
		E318E10B21EC60BF0007EA07 /* UltimateLog.h */ = {isa = PBXFileReference; lastKnownFileType = sourcecode.c.h; path = UltimateLog.h; sourceTree = "<group>"; };
		E318E10C21EC60BF0007EA07 /* Info.plist */ = {isa = PBXFileReference; lastKnownFileType = text.plist.xml; path = Info.plist; sourceTree = "<group>"; };
		E318E11121EC60BF0007EA07 /* UltimateLogTests.xctest */ = {isa = PBXFileReference; explicitFileType = wrapper.cfbundle; includeInIndex = 0; path = UltimateLogTests.xctest; sourceTree = BUILT_PRODUCTS_DIR; };
		E318E11621EC60BF0007EA07 /* UltimateLogTests.swift */ = {isa = PBXFileReference; lastKnownFileType = sourcecode.swift; path = UltimateLogTests.swift; sourceTree = "<group>"; };
		E318E11821EC60BF0007EA07 /* Info.plist */ = {isa = PBXFileReference; lastKnownFileType = text.plist.xml; path = Info.plist; sourceTree = "<group>"; };
		E318E12221EC60FB0007EA07 /* UltimateLog.swift */ = {isa = PBXFileReference; lastKnownFileType = sourcecode.swift; path = UltimateLog.swift; sourceTree = "<group>"; };
		E318E16221EC7B190007EA07 /* Security.framework */ = {isa = PBXFileReference; lastKnownFileType = wrapper.framework; name = Security.framework; path = System/Library/Frameworks/Security.framework; sourceTree = SDKROOT; };
		E318E21221EC89770007EA07 /* AES256CBC.swift */ = {isa = PBXFileReference; lastKnownFileType = sourcecode.swift; path = AES256CBC.swift; sourceTree = "<group>"; };
		E318E2B121EC8DE50007EA07 /* SHA256.swift */ = {isa = PBXFileReference; lastKnownFileType = sourcecode.swift; path = SHA256.swift; sourceTree = "<group>"; };
		E318E2BB21EC9F3D0007EA07 /* UltimateLogOnMars.h */ = {isa = PBXFileReference; lastKnownFileType = sourcecode.c.h; path = UltimateLogOnMars.h; sourceTree = "<group>"; };
		E318E2BC21EC9F3D0007EA07 /* UltimateLogOnMars.mm */ = {isa = PBXFileReference; lastKnownFileType = sourcecode.cpp.objcpp; path = UltimateLogOnMars.mm; sourceTree = "<group>"; };
		E318E2EF21ECA3290007EA07 /* log_crypt.cc */ = {isa = PBXFileReference; fileEncoding = 4; lastKnownFileType = sourcecode.cpp.cpp; path = log_crypt.cc; sourceTree = "<group>"; };
		E318E2F021ECA3290007EA07 /* LogUtil.m */ = {isa = PBXFileReference; fileEncoding = 4; lastKnownFileType = sourcecode.c.objc; path = LogUtil.m; sourceTree = "<group>"; };
		E318E2F121ECA3290007EA07 /* log_crypt.h */ = {isa = PBXFileReference; fileEncoding = 4; lastKnownFileType = sourcecode.c.h; path = log_crypt.h; sourceTree = "<group>"; };
		E318E2F221ECA3290007EA07 /* LogHelper.mm */ = {isa = PBXFileReference; fileEncoding = 4; lastKnownFileType = sourcecode.cpp.objcpp; path = LogHelper.mm; sourceTree = "<group>"; };
		E318E2F321ECA3290007EA07 /* LogUtil.h */ = {isa = PBXFileReference; fileEncoding = 4; lastKnownFileType = sourcecode.c.h; path = LogUtil.h; sourceTree = "<group>"; };
		E318E2F421ECA3290007EA07 /* LogHelper.h */ = {isa = PBXFileReference; fileEncoding = 4; lastKnownFileType = sourcecode.c.h; path = LogHelper.h; sourceTree = "<group>"; };
		E318E2FB21ECA4890007EA07 /* module.modulemap */ = {isa = PBXFileReference; lastKnownFileType = "sourcecode.module-map"; path = module.modulemap; sourceTree = "<group>"; };
		E318E34621ECB0C90007EA07 /* mars.framework */ = {isa = PBXFileReference; lastKnownFileType = wrapper.framework; name = mars.framework; path = Framework/mars.framework; sourceTree = "<group>"; };
		E318E34821ECB2340007EA07 /* CoreTelephony.framework */ = {isa = PBXFileReference; lastKnownFileType = wrapper.framework; name = CoreTelephony.framework; path = System/Library/Frameworks/CoreTelephony.framework; sourceTree = SDKROOT; };
		E318E34A21ECB2840007EA07 /* Foundation.framework */ = {isa = PBXFileReference; lastKnownFileType = wrapper.framework; name = Foundation.framework; path = System/Library/Frameworks/Foundation.framework; sourceTree = SDKROOT; };
		E318E34C21ECB2890007EA07 /* SystemConfiguration.framework */ = {isa = PBXFileReference; lastKnownFileType = wrapper.framework; name = SystemConfiguration.framework; path = System/Library/Frameworks/SystemConfiguration.framework; sourceTree = SDKROOT; };
		E318E34E21ECB2920007EA07 /* libz.tbd */ = {isa = PBXFileReference; lastKnownFileType = "sourcecode.text-based-dylib-definition"; name = libz.tbd; path = usr/lib/libz.tbd; sourceTree = SDKROOT; };
		E318E35021ECB29B0007EA07 /* libresolv.9.tbd */ = {isa = PBXFileReference; lastKnownFileType = "sourcecode.text-based-dylib-definition"; name = libresolv.9.tbd; path = usr/lib/libresolv.9.tbd; sourceTree = SDKROOT; };
		E318E35221ECB53F0007EA07 /* MarsWapper.h */ = {isa = PBXFileReference; lastKnownFileType = sourcecode.c.h; path = MarsWapper.h; sourceTree = "<group>"; };
		E318E35321ECB53F0007EA07 /* MarsWapper.m */ = {isa = PBXFileReference; lastKnownFileType = sourcecode.c.objc; path = MarsWapper.m; sourceTree = "<group>"; };
		E318E35621ECCB6E0007EA07 /* AES.swift */ = {isa = PBXFileReference; lastKnownFileType = sourcecode.swift; path = AES.swift; sourceTree = "<group>"; };
		E318E35921ED8BF10007EA07 /* Archive.swift */ = {isa = PBXFileReference; fileEncoding = 4; lastKnownFileType = sourcecode.swift; path = Archive.swift; sourceTree = "<group>"; };
		E318E35A21ED8BF10007EA07 /* Archive+Reading.swift */ = {isa = PBXFileReference; fileEncoding = 4; lastKnownFileType = sourcecode.swift; path = "Archive+Reading.swift"; sourceTree = "<group>"; };
		E318E35B21ED8BF10007EA07 /* Entry.swift */ = {isa = PBXFileReference; fileEncoding = 4; lastKnownFileType = sourcecode.swift; path = Entry.swift; sourceTree = "<group>"; };
		E318E35C21ED8BF10007EA07 /* Data+Compression.swift */ = {isa = PBXFileReference; fileEncoding = 4; lastKnownFileType = sourcecode.swift; path = "Data+Compression.swift"; sourceTree = "<group>"; };
		E318E35D21ED8BF10007EA07 /* Archive+Writing.swift */ = {isa = PBXFileReference; fileEncoding = 4; lastKnownFileType = sourcecode.swift; path = "Archive+Writing.swift"; sourceTree = "<group>"; };
		E318E35E21ED8BF10007EA07 /* Data+Serialization.swift */ = {isa = PBXFileReference; fileEncoding = 4; lastKnownFileType = sourcecode.swift; path = "Data+Serialization.swift"; sourceTree = "<group>"; };
		E318E35F21ED8BF10007EA07 /* FileManager+ZIP.swift */ = {isa = PBXFileReference; fileEncoding = 4; lastKnownFileType = sourcecode.swift; path = "FileManager+ZIP.swift"; sourceTree = "<group>"; };
		E318E36821ED92D90007EA07 /* StringExtension.swift */ = {isa = PBXFileReference; lastKnownFileType = sourcecode.swift; path = StringExtension.swift; sourceTree = "<group>"; };
		E318E36A21EDAA190007EA07 /* LoggerUtility.swift */ = {isa = PBXFileReference; lastKnownFileType = sourcecode.swift; path = LoggerUtility.swift; sourceTree = "<group>"; };
/* End PBXFileReference section */

/* Begin PBXFrameworksBuildPhase section */
		E318E10521EC60BF0007EA07 /* Frameworks */ = {
			isa = PBXFrameworksBuildPhase;
			buildActionMask = 2147483647;
			files = (
				E318E35121ECB29B0007EA07 /* libresolv.9.tbd in Frameworks */,
				E318E34F21ECB2920007EA07 /* libz.tbd in Frameworks */,
				E318E34D21ECB2890007EA07 /* SystemConfiguration.framework in Frameworks */,
				E318E34B21ECB2840007EA07 /* Foundation.framework in Frameworks */,
				E318E34921ECB2340007EA07 /* CoreTelephony.framework in Frameworks */,
				E318E16321EC7B1A0007EA07 /* Security.framework in Frameworks */,
				E318E34721ECB0C90007EA07 /* mars.framework in Frameworks */,
			);
			runOnlyForDeploymentPostprocessing = 0;
		};
		E318E10E21EC60BF0007EA07 /* Frameworks */ = {
			isa = PBXFrameworksBuildPhase;
			buildActionMask = 2147483647;
			files = (
				E318E11221EC60BF0007EA07 /* UltimateLog.framework in Frameworks */,
			);
			runOnlyForDeploymentPostprocessing = 0;
		};
/* End PBXFrameworksBuildPhase section */

/* Begin PBXGroup section */
		E318E0FE21EC60BE0007EA07 = {
			isa = PBXGroup;
			children = (
				E318E10A21EC60BF0007EA07 /* UltimateLog */,
				E318E11521EC60BF0007EA07 /* UltimateLogTests */,
				E318E10921EC60BF0007EA07 /* Products */,
				E318E16121EC7B190007EA07 /* Frameworks */,
			);
			sourceTree = "<group>";
		};
		E318E10921EC60BF0007EA07 /* Products */ = {
			isa = PBXGroup;
			children = (
				E318E10821EC60BF0007EA07 /* UltimateLog.framework */,
				E318E11121EC60BF0007EA07 /* UltimateLogTests.xctest */,
			);
			name = Products;
			sourceTree = "<group>";
		};
		E318E10A21EC60BF0007EA07 /* UltimateLog */ = {
			isa = PBXGroup;
			children = (
				E318E2ED21ECA31E0007EA07 /* XLog */,
				E318E15C21EC79F80007EA07 /* Utility */,
				E318E10B21EC60BF0007EA07 /* UltimateLog.h */,
				E318E10C21EC60BF0007EA07 /* Info.plist */,
				E318E2FB21ECA4890007EA07 /* module.modulemap */,
				E318E12221EC60FB0007EA07 /* UltimateLog.swift */,
			);
			path = UltimateLog;
			sourceTree = "<group>";
		};
		E318E11521EC60BF0007EA07 /* UltimateLogTests */ = {
			isa = PBXGroup;
			children = (
				E318E11621EC60BF0007EA07 /* UltimateLogTests.swift */,
				E318E11821EC60BF0007EA07 /* Info.plist */,
			);
			path = UltimateLogTests;
			sourceTree = "<group>";
		};
		E318E15C21EC79F80007EA07 /* Utility */ = {
			isa = PBXGroup;
			children = (
				E318E35821ED8BF10007EA07 /* ZIPFoundation */,
				E318E36721ED8BFF0007EA07 /* AES */,
				E318E36821ED92D90007EA07 /* StringExtension.swift */,
				E318E36A21EDAA190007EA07 /* LoggerUtility.swift */,
			);
			path = Utility;
			sourceTree = "<group>";
		};
		E318E16121EC7B190007EA07 /* Frameworks */ = {
			isa = PBXGroup;
			children = (
				E318E35021ECB29B0007EA07 /* libresolv.9.tbd */,
				E318E34E21ECB2920007EA07 /* libz.tbd */,
				E318E34C21ECB2890007EA07 /* SystemConfiguration.framework */,
				E318E34A21ECB2840007EA07 /* Foundation.framework */,
				E318E34821ECB2340007EA07 /* CoreTelephony.framework */,
				E318E34621ECB0C90007EA07 /* mars.framework */,
				E318E16221EC7B190007EA07 /* Security.framework */,
			);
			name = Frameworks;
			sourceTree = "<group>";
		};
		E318E2ED21ECA31E0007EA07 /* XLog */ = {
			isa = PBXGroup;
			children = (
				E318E2EE21ECA3290007EA07 /* Component */,
				E318E2BB21EC9F3D0007EA07 /* UltimateLogOnMars.h */,
				E318E2BC21EC9F3D0007EA07 /* UltimateLogOnMars.mm */,
				E318E35221ECB53F0007EA07 /* MarsWapper.h */,
				E318E35321ECB53F0007EA07 /* MarsWapper.m */,
			);
			path = XLog;
			sourceTree = "<group>";
		};
		E318E2EE21ECA3290007EA07 /* Component */ = {
			isa = PBXGroup;
			children = (
				E318E2EF21ECA3290007EA07 /* log_crypt.cc */,
				E318E2F021ECA3290007EA07 /* LogUtil.m */,
				E318E2F121ECA3290007EA07 /* log_crypt.h */,
				E318E2F221ECA3290007EA07 /* LogHelper.mm */,
				E318E2F321ECA3290007EA07 /* LogUtil.h */,
				E318E2F421ECA3290007EA07 /* LogHelper.h */,
			);
			path = Component;
			sourceTree = "<group>";
		};
		E318E35821ED8BF10007EA07 /* ZIPFoundation */ = {
			isa = PBXGroup;
			children = (
				E318E35921ED8BF10007EA07 /* Archive.swift */,
				E318E35A21ED8BF10007EA07 /* Archive+Reading.swift */,
				E318E35B21ED8BF10007EA07 /* Entry.swift */,
				E318E35C21ED8BF10007EA07 /* Data+Compression.swift */,
				E318E35D21ED8BF10007EA07 /* Archive+Writing.swift */,
				E318E35E21ED8BF10007EA07 /* Data+Serialization.swift */,
				E318E35F21ED8BF10007EA07 /* FileManager+ZIP.swift */,
			);
			path = ZIPFoundation;
			sourceTree = "<group>";
		};
		E318E36721ED8BFF0007EA07 /* AES */ = {
			isa = PBXGroup;
			children = (
				E318E21221EC89770007EA07 /* AES256CBC.swift */,
				E318E2B121EC8DE50007EA07 /* SHA256.swift */,
				E318E35621ECCB6E0007EA07 /* AES.swift */,
			);
			path = AES;
			sourceTree = "<group>";
		};
/* End PBXGroup section */

/* Begin PBXHeadersBuildPhase section */
		E318E10321EC60BF0007EA07 /* Headers */ = {
			isa = PBXHeadersBuildPhase;
			buildActionMask = 2147483647;
			files = (
				E318E11921EC60BF0007EA07 /* UltimateLog.h in Headers */,
				E318E35421ECB53F0007EA07 /* MarsWapper.h in Headers */,
				E318E2F721ECA3290007EA07 /* log_crypt.h in Headers */,
				E318E2FA21ECA3290007EA07 /* LogHelper.h in Headers */,
				E318E2BD21EC9F3D0007EA07 /* UltimateLogOnMars.h in Headers */,
				E318E2F921ECA3290007EA07 /* LogUtil.h in Headers */,
			);
			runOnlyForDeploymentPostprocessing = 0;
		};
/* End PBXHeadersBuildPhase section */

/* Begin PBXNativeTarget section */
		E318E10721EC60BF0007EA07 /* UltimateLog */ = {
			isa = PBXNativeTarget;
			buildConfigurationList = E318E11C21EC60BF0007EA07 /* Build configuration list for PBXNativeTarget "UltimateLog" */;
			buildPhases = (
				E318E10321EC60BF0007EA07 /* Headers */,
				E318E10421EC60BF0007EA07 /* Sources */,
				E318E10521EC60BF0007EA07 /* Frameworks */,
				E318E10621EC60BF0007EA07 /* Resources */,
			);
			buildRules = (
			);
			dependencies = (
			);
			name = UltimateLog;
			productName = UltimateLog;
			productReference = E318E10821EC60BF0007EA07 /* UltimateLog.framework */;
			productType = "com.apple.product-type.framework";
		};
		E318E11021EC60BF0007EA07 /* UltimateLogTests */ = {
			isa = PBXNativeTarget;
			buildConfigurationList = E318E11F21EC60BF0007EA07 /* Build configuration list for PBXNativeTarget "UltimateLogTests" */;
			buildPhases = (
				E318E10D21EC60BF0007EA07 /* Sources */,
				E318E10E21EC60BF0007EA07 /* Frameworks */,
				E318E10F21EC60BF0007EA07 /* Resources */,
			);
			buildRules = (
			);
			dependencies = (
				E318E11421EC60BF0007EA07 /* PBXTargetDependency */,
			);
			name = UltimateLogTests;
			productName = UltimateLogTests;
			productReference = E318E11121EC60BF0007EA07 /* UltimateLogTests.xctest */;
			productType = "com.apple.product-type.bundle.unit-test";
		};
/* End PBXNativeTarget section */

/* Begin PBXProject section */
		E318E0FF21EC60BE0007EA07 /* Project object */ = {
			isa = PBXProject;
			attributes = {
				LastSwiftUpdateCheck = 1010;
				LastUpgradeCheck = 1010;
				ORGANIZATIONNAME = Peigen.Liu;
				TargetAttributes = {
					E318E10721EC60BF0007EA07 = {
						CreatedOnToolsVersion = 10.1;
						LastSwiftMigration = 1010;
					};
					E318E11021EC60BF0007EA07 = {
						CreatedOnToolsVersion = 10.1;
					};
				};
			};
			buildConfigurationList = E318E10221EC60BE0007EA07 /* Build configuration list for PBXProject "UltimateLog" */;
			compatibilityVersion = "Xcode 9.3";
			developmentRegion = en;
			hasScannedForEncodings = 0;
			knownRegions = (
				en,
			);
			mainGroup = E318E0FE21EC60BE0007EA07;
			productRefGroup = E318E10921EC60BF0007EA07 /* Products */;
			projectDirPath = "";
			projectRoot = "";
			targets = (
				E318E10721EC60BF0007EA07 /* UltimateLog */,
				E318E11021EC60BF0007EA07 /* UltimateLogTests */,
			);
		};
/* End PBXProject section */

/* Begin PBXResourcesBuildPhase section */
		E318E10621EC60BF0007EA07 /* Resources */ = {
			isa = PBXResourcesBuildPhase;
			buildActionMask = 2147483647;
			files = (
			);
			runOnlyForDeploymentPostprocessing = 0;
		};
		E318E10F21EC60BF0007EA07 /* Resources */ = {
			isa = PBXResourcesBuildPhase;
			buildActionMask = 2147483647;
			files = (
			);
			runOnlyForDeploymentPostprocessing = 0;
		};
/* End PBXResourcesBuildPhase section */

/* Begin PBXSourcesBuildPhase section */
		E318E10421EC60BF0007EA07 /* Sources */ = {
			isa = PBXSourcesBuildPhase;
			buildActionMask = 2147483647;
			files = (
				E318E36221ED8BF10007EA07 /* Entry.swift in Sources */,
				E318E36521ED8BF10007EA07 /* Data+Serialization.swift in Sources */,
				E318E36021ED8BF10007EA07 /* Archive.swift in Sources */,
				E318E36321ED8BF10007EA07 /* Data+Compression.swift in Sources */,
				E318E36421ED8BF10007EA07 /* Archive+Writing.swift in Sources */,
				E318E36121ED8BF10007EA07 /* Archive+Reading.swift in Sources */,
				E318E2BE21EC9F3D0007EA07 /* UltimateLogOnMars.mm in Sources */,
				E318E35521ECB53F0007EA07 /* MarsWapper.m in Sources */,
				E318E36921ED92D90007EA07 /* StringExtension.swift in Sources */,
				E318E2F821ECA3290007EA07 /* LogHelper.mm in Sources */,
				E318E36621ED8BF10007EA07 /* FileManager+ZIP.swift in Sources */,
				E318E21321EC89770007EA07 /* AES256CBC.swift in Sources */,
				E318E2F621ECA3290007EA07 /* LogUtil.m in Sources */,
				E318E12321EC60FB0007EA07 /* UltimateLog.swift in Sources */,
				E318E2F521ECA3290007EA07 /* log_crypt.cc in Sources */,
				E318E35721ECCB6E0007EA07 /* AES.swift in Sources */,
				E318E36B21EDAA190007EA07 /* LoggerUtility.swift in Sources */,
				E318E2B221EC8DE50007EA07 /* SHA256.swift in Sources */,
			);
			runOnlyForDeploymentPostprocessing = 0;
		};
		E318E10D21EC60BF0007EA07 /* Sources */ = {
			isa = PBXSourcesBuildPhase;
			buildActionMask = 2147483647;
			files = (
				E318E11721EC60BF0007EA07 /* UltimateLogTests.swift in Sources */,
			);
			runOnlyForDeploymentPostprocessing = 0;
		};
/* End PBXSourcesBuildPhase section */

/* Begin PBXTargetDependency section */
		E318E11421EC60BF0007EA07 /* PBXTargetDependency */ = {
			isa = PBXTargetDependency;
			target = E318E10721EC60BF0007EA07 /* UltimateLog */;
			targetProxy = E318E11321EC60BF0007EA07 /* PBXContainerItemProxy */;
		};
/* End PBXTargetDependency section */

/* Begin XCBuildConfiguration section */
		E318E11A21EC60BF0007EA07 /* Debug */ = {
			isa = XCBuildConfiguration;
			buildSettings = {
				ALWAYS_SEARCH_USER_PATHS = NO;
				CLANG_ANALYZER_NONNULL = YES;
				CLANG_ANALYZER_NUMBER_OBJECT_CONVERSION = YES_AGGRESSIVE;
				CLANG_CXX_LANGUAGE_STANDARD = "gnu++14";
				CLANG_CXX_LIBRARY = "libc++";
				CLANG_ENABLE_MODULES = YES;
				CLANG_ENABLE_OBJC_ARC = YES;
				CLANG_ENABLE_OBJC_WEAK = YES;
				CLANG_WARN_BLOCK_CAPTURE_AUTORELEASING = YES;
				CLANG_WARN_BOOL_CONVERSION = YES;
				CLANG_WARN_COMMA = YES;
				CLANG_WARN_CONSTANT_CONVERSION = YES;
				CLANG_WARN_DEPRECATED_OBJC_IMPLEMENTATIONS = YES;
				CLANG_WARN_DIRECT_OBJC_ISA_USAGE = YES_ERROR;
				CLANG_WARN_DOCUMENTATION_COMMENTS = YES;
				CLANG_WARN_EMPTY_BODY = YES;
				CLANG_WARN_ENUM_CONVERSION = YES;
				CLANG_WARN_INFINITE_RECURSION = YES;
				CLANG_WARN_INT_CONVERSION = YES;
				CLANG_WARN_NON_LITERAL_NULL_CONVERSION = YES;
				CLANG_WARN_OBJC_IMPLICIT_RETAIN_SELF = YES;
				CLANG_WARN_OBJC_LITERAL_CONVERSION = YES;
				CLANG_WARN_OBJC_ROOT_CLASS = YES_ERROR;
				CLANG_WARN_RANGE_LOOP_ANALYSIS = YES;
				CLANG_WARN_STRICT_PROTOTYPES = YES;
				CLANG_WARN_SUSPICIOUS_MOVE = YES;
				CLANG_WARN_UNGUARDED_AVAILABILITY = YES_AGGRESSIVE;
				CLANG_WARN_UNREACHABLE_CODE = YES;
				CLANG_WARN__DUPLICATE_METHOD_MATCH = YES;
				CODE_SIGN_IDENTITY = "iPhone Developer";
				COPY_PHASE_STRIP = NO;
				CURRENT_PROJECT_VERSION = 1;
				DEBUG_INFORMATION_FORMAT = dwarf;
				DEFINES_MODULE = YES;
				ENABLE_BITCODE = NO;
				ENABLE_STRICT_OBJC_MSGSEND = YES;
				ENABLE_TESTABILITY = YES;
				GCC_C_LANGUAGE_STANDARD = gnu11;
				GCC_DYNAMIC_NO_PIC = NO;
				GCC_NO_COMMON_BLOCKS = YES;
				GCC_OPTIMIZATION_LEVEL = 0;
				GCC_PREPROCESSOR_DEFINITIONS = (
					"DEBUG=1",
					"$(inherited)",
				);
				GCC_WARN_64_TO_32_BIT_CONVERSION = YES;
				GCC_WARN_ABOUT_RETURN_TYPE = YES_ERROR;
				GCC_WARN_UNDECLARED_SELECTOR = YES;
				GCC_WARN_UNINITIALIZED_AUTOS = YES_AGGRESSIVE;
				GCC_WARN_UNUSED_FUNCTION = YES;
				GCC_WARN_UNUSED_VARIABLE = YES;
				IPHONEOS_DEPLOYMENT_TARGET = 12.1;
				MODULEMAP_FILE = ./UltimateLog/module.modulemap;
				MTL_ENABLE_DEBUG_INFO = INCLUDE_SOURCE;
				MTL_FAST_MATH = YES;
				ONLY_ACTIVE_ARCH = YES;
				SDKROOT = iphoneos;
				SWIFT_ACTIVE_COMPILATION_CONDITIONS = DEBUG;
				SWIFT_INCLUDE_PATHS = " $(SRCROOT)/../";
				SWIFT_OPTIMIZATION_LEVEL = "-Onone";
				VERSIONING_SYSTEM = "apple-generic";
				VERSION_INFO_PREFIX = "";
			};
			name = Debug;
		};
		E318E11B21EC60BF0007EA07 /* Release */ = {
			isa = XCBuildConfiguration;
			buildSettings = {
				ALWAYS_SEARCH_USER_PATHS = NO;
				CLANG_ANALYZER_NONNULL = YES;
				CLANG_ANALYZER_NUMBER_OBJECT_CONVERSION = YES_AGGRESSIVE;
				CLANG_CXX_LANGUAGE_STANDARD = "gnu++14";
				CLANG_CXX_LIBRARY = "libc++";
				CLANG_ENABLE_MODULES = YES;
				CLANG_ENABLE_OBJC_ARC = YES;
				CLANG_ENABLE_OBJC_WEAK = YES;
				CLANG_WARN_BLOCK_CAPTURE_AUTORELEASING = YES;
				CLANG_WARN_BOOL_CONVERSION = YES;
				CLANG_WARN_COMMA = YES;
				CLANG_WARN_CONSTANT_CONVERSION = YES;
				CLANG_WARN_DEPRECATED_OBJC_IMPLEMENTATIONS = YES;
				CLANG_WARN_DIRECT_OBJC_ISA_USAGE = YES_ERROR;
				CLANG_WARN_DOCUMENTATION_COMMENTS = YES;
				CLANG_WARN_EMPTY_BODY = YES;
				CLANG_WARN_ENUM_CONVERSION = YES;
				CLANG_WARN_INFINITE_RECURSION = YES;
				CLANG_WARN_INT_CONVERSION = YES;
				CLANG_WARN_NON_LITERAL_NULL_CONVERSION = YES;
				CLANG_WARN_OBJC_IMPLICIT_RETAIN_SELF = YES;
				CLANG_WARN_OBJC_LITERAL_CONVERSION = YES;
				CLANG_WARN_OBJC_ROOT_CLASS = YES_ERROR;
				CLANG_WARN_RANGE_LOOP_ANALYSIS = YES;
				CLANG_WARN_STRICT_PROTOTYPES = YES;
				CLANG_WARN_SUSPICIOUS_MOVE = YES;
				CLANG_WARN_UNGUARDED_AVAILABILITY = YES_AGGRESSIVE;
				CLANG_WARN_UNREACHABLE_CODE = YES;
				CLANG_WARN__DUPLICATE_METHOD_MATCH = YES;
				CODE_SIGN_IDENTITY = "iPhone Developer";
				COPY_PHASE_STRIP = NO;
				CURRENT_PROJECT_VERSION = 1;
				DEBUG_INFORMATION_FORMAT = "dwarf-with-dsym";
				DEFINES_MODULE = YES;
				ENABLE_BITCODE = NO;
				ENABLE_NS_ASSERTIONS = NO;
				ENABLE_STRICT_OBJC_MSGSEND = YES;
				GCC_C_LANGUAGE_STANDARD = gnu11;
				GCC_NO_COMMON_BLOCKS = YES;
				GCC_WARN_64_TO_32_BIT_CONVERSION = YES;
				GCC_WARN_ABOUT_RETURN_TYPE = YES_ERROR;
				GCC_WARN_UNDECLARED_SELECTOR = YES;
				GCC_WARN_UNINITIALIZED_AUTOS = YES_AGGRESSIVE;
				GCC_WARN_UNUSED_FUNCTION = YES;
				GCC_WARN_UNUSED_VARIABLE = YES;
				IPHONEOS_DEPLOYMENT_TARGET = 12.1;
				MODULEMAP_FILE = ./UltimateLog/module.modulemap;
				MTL_ENABLE_DEBUG_INFO = NO;
				MTL_FAST_MATH = YES;
				SDKROOT = iphoneos;
				SWIFT_COMPILATION_MODE = wholemodule;
				SWIFT_INCLUDE_PATHS = " $(SRCROOT)/../";
				SWIFT_OPTIMIZATION_LEVEL = "-O";
				VALIDATE_PRODUCT = YES;
				VERSIONING_SYSTEM = "apple-generic";
				VERSION_INFO_PREFIX = "";
			};
			name = Release;
		};
		E318E11D21EC60BF0007EA07 /* Debug */ = {
			isa = XCBuildConfiguration;
			buildSettings = {
				CLANG_ALLOW_NON_MODULAR_INCLUDES_IN_FRAMEWORK_MODULES = YES;
				CLANG_ENABLE_MODULES = YES;
				CODE_SIGN_IDENTITY = "";
				CODE_SIGN_STYLE = Automatic;
				DEVELOPMENT_TEAM = 5D988FC44C;
				DYLIB_COMPATIBILITY_VERSION = 1;
				DYLIB_CURRENT_VERSION = 1;
				DYLIB_INSTALL_NAME_BASE = "@rpath";
				FRAMEWORK_SEARCH_PATHS = (
					"$(inherited)",
					"$(PROJECT_DIR)",
					"$(PROJECT_DIR)/Framework",
				);
				INFOPLIST_FILE = UltimateLog/Info.plist;
				INSTALL_PATH = "$(LOCAL_LIBRARY_DIR)/Frameworks";
				LD_RUNPATH_SEARCH_PATHS = (
					"$(inherited)",
					"@executable_path/Frameworks",
					"@loader_path/Frameworks",
				);
				PRODUCT_BUNDLE_IDENTIFIER = com.IOFutureTech.UltimateLog;
				PRODUCT_NAME = "$(TARGET_NAME:c99extidentifier)";
				SKIP_INSTALL = YES;
				SWIFT_OPTIMIZATION_LEVEL = "-Onone";
				SWIFT_VERSION = 4.2;
				TARGETED_DEVICE_FAMILY = "1,2";
			};
			name = Debug;
		};
		E318E11E21EC60BF0007EA07 /* Release */ = {
			isa = XCBuildConfiguration;
			buildSettings = {
				CLANG_ALLOW_NON_MODULAR_INCLUDES_IN_FRAMEWORK_MODULES = YES;
				CLANG_ENABLE_MODULES = YES;
				CODE_SIGN_IDENTITY = "";
				CODE_SIGN_STYLE = Automatic;
				DEVELOPMENT_TEAM = 5D988FC44C;
				DYLIB_COMPATIBILITY_VERSION = 1;
				DYLIB_CURRENT_VERSION = 1;
				DYLIB_INSTALL_NAME_BASE = "@rpath";
				FRAMEWORK_SEARCH_PATHS = (
					"$(inherited)",
					"$(PROJECT_DIR)",
					"$(PROJECT_DIR)/Framework",
				);
				INFOPLIST_FILE = UltimateLog/Info.plist;
				INSTALL_PATH = "$(LOCAL_LIBRARY_DIR)/Frameworks";
				LD_RUNPATH_SEARCH_PATHS = (
					"$(inherited)",
					"@executable_path/Frameworks",
					"@loader_path/Frameworks",
				);
				PRODUCT_BUNDLE_IDENTIFIER = com.IOFutureTech.UltimateLog;
				PRODUCT_NAME = "$(TARGET_NAME:c99extidentifier)";
				SKIP_INSTALL = YES;
				SWIFT_VERSION = 4.2;
				TARGETED_DEVICE_FAMILY = "1,2";
			};
			name = Release;
		};
		E318E12021EC60BF0007EA07 /* Debug */ = {
			isa = XCBuildConfiguration;
			buildSettings = {
				ALWAYS_EMBED_SWIFT_STANDARD_LIBRARIES = YES;
				CODE_SIGN_STYLE = Automatic;
				DEVELOPMENT_TEAM = 5D988FC44C;
				INFOPLIST_FILE = UltimateLogTests/Info.plist;
				LD_RUNPATH_SEARCH_PATHS = (
					"$(inherited)",
					"@executable_path/Frameworks",
					"@loader_path/Frameworks",
				);
				PRODUCT_BUNDLE_IDENTIFIER = com.IOFutureTech.UltimateLogTests;
				PRODUCT_NAME = "$(TARGET_NAME)";
				SWIFT_VERSION = 4.2;
				TARGETED_DEVICE_FAMILY = "1,2";
			};
			name = Debug;
		};
		E318E12121EC60BF0007EA07 /* Release */ = {
			isa = XCBuildConfiguration;
			buildSettings = {
				ALWAYS_EMBED_SWIFT_STANDARD_LIBRARIES = YES;
				CODE_SIGN_STYLE = Automatic;
				DEVELOPMENT_TEAM = 5D988FC44C;
				INFOPLIST_FILE = UltimateLogTests/Info.plist;
				LD_RUNPATH_SEARCH_PATHS = (
					"$(inherited)",
					"@executable_path/Frameworks",
					"@loader_path/Frameworks",
				);
				PRODUCT_BUNDLE_IDENTIFIER = com.IOFutureTech.UltimateLogTests;
				PRODUCT_NAME = "$(TARGET_NAME)";
				SWIFT_VERSION = 4.2;
				TARGETED_DEVICE_FAMILY = "1,2";
			};
			name = Release;
		};
/* End XCBuildConfiguration section */

/* Begin XCConfigurationList section */
		E318E10221EC60BE0007EA07 /* Build configuration list for PBXProject "UltimateLog" */ = {
			isa = XCConfigurationList;
			buildConfigurations = (
				E318E11A21EC60BF0007EA07 /* Debug */,
				E318E11B21EC60BF0007EA07 /* Release */,
			);
			defaultConfigurationIsVisible = 0;
			defaultConfigurationName = Release;
		};
		E318E11C21EC60BF0007EA07 /* Build configuration list for PBXNativeTarget "UltimateLog" */ = {
			isa = XCConfigurationList;
			buildConfigurations = (
				E318E11D21EC60BF0007EA07 /* Debug */,
				E318E11E21EC60BF0007EA07 /* Release */,
			);
			defaultConfigurationIsVisible = 0;
			defaultConfigurationName = Release;
		};
		E318E11F21EC60BF0007EA07 /* Build configuration list for PBXNativeTarget "UltimateLogTests" */ = {
			isa = XCConfigurationList;
			buildConfigurations = (
				E318E12021EC60BF0007EA07 /* Debug */,
				E318E12121EC60BF0007EA07 /* Release */,
			);
			defaultConfigurationIsVisible = 0;
			defaultConfigurationName = Release;
		};
/* End XCConfigurationList section */
	};
	rootObject = E318E0FF21EC60BE0007EA07 /* Project object */;
}
